
Microsoft Visual Studio Solution File, Format Version 12.00
# Visual Studio 15
VisualStudioVersion = 15.0.27130.2036
MinimumVisualStudioVersion = 10.0.40219.1
Project("{FAE04EC0-301F-11D3-BF4B-00C04F79EFBC}") = "DOTNProjekt", "DOTNProjekt\DOTNProjekt.csproj", "{2B8C4BEA-4EF3-46C8-B7AE-E63A7F17EC83}"
EndProject
Global
	GlobalSection(SolutionConfigurationPlatforms) = preSolution
		Debug|Any CPU = Debug|Any CPU
		Release|Any CPU = Release|Any CPU
	EndGlobalSection
	GlobalSection(ProjectConfigurationPlatforms) = postSolution
		{2B8C4BEA-4EF3-46C8-B7AE-E63A7F17EC83}.Debug|Any CPU.ActiveCfg = Debug|Any CPU
		{2B8C4BEA-4EF3-46C8-B7AE-E63A7F17EC83}.Debug|Any CPU.Build.0 = Debug|Any CPU
		{2B8C4BEA-4EF3-46C8-B7AE-E63A7F17EC83}.Release|Any CPU.ActiveCfg = Release|Any CPU
		{2B8C4BEA-4EF3-46C8-B7AE-E63A7F17EC83}.Release|Any CPU.Build.0 = Release|Any CPU
	EndGlobalSection
	GlobalSection(SolutionProperties) = preSolution
		HideSolutionNode = FALSE
	EndGlobalSection
	GlobalSection(ExtensibilityGlobals) = postSolution
		SolutionGuid = {BA080038-94A5-49A3-8A20-8F033834E30B}
	EndGlobalSection
EndGlobal
